
Microsoft Visual Studio Solution File, Format Version 12.00
# Visual Studio Version 16
VisualStudioVersion = 16.0.30517.126
MinimumVisualStudioVersion = 10.0.40219.1
Project("{FAE04EC0-301F-11D3-BF4B-00C04F79EFBC}") = "Task_6", "Task_6.csproj", "{FF2763D2-0571-4B85-9222-9356D18655D9}"
EndProject
Global
	GlobalSection(SolutionConfigurationPlatforms) = preSolution
		Debug|Any CPU = Debug|Any CPU
		Release|Any CPU = Release|Any CPU
	EndGlobalSection
	GlobalSection(ProjectConfigurationPlatforms) = postSolution
		{FF2763D2-0571-4B85-9222-9356D18655D9}.Debug|Any CPU.ActiveCfg = Debug|Any CPU
		{FF2763D2-0571-4B85-9222-9356D18655D9}.Debug|Any CPU.Build.0 = Debug|Any CPU
		{FF2763D2-0571-4B85-9222-9356D18655D9}.Release|Any CPU.ActiveCfg = Release|Any CPU
		{FF2763D2-0571-4B85-9222-9356D18655D9}.Release|Any CPU.Build.0 = Release|Any CPU
	EndGlobalSection
	GlobalSection(SolutionProperties) = preSolution
		HideSolutionNode = FALSE
	EndGlobalSection
	GlobalSection(ExtensibilityGlobals) = postSolution
		SolutionGuid = {8F37A797-FD70-48FC-9094-30DA608B37C1}
	EndGlobalSection
EndGlobal
